// !$*UTF8*$!
{
	archiveVersion = 1;
	classes = {
	};
	objectVersion = 50;
	objects = {

/* Begin PBXBuildFile section */
		CC7C342024BBDF0700709BC1 /* AppDelegate.swift in Sources */ = {isa = PBXBuildFile; fileRef = CC7C341F24BBDF0700709BC1 /* AppDelegate.swift */; };
		CC7C342224BBDF0700709BC1 /* SceneDelegate.swift in Sources */ = {isa = PBXBuildFile; fileRef = CC7C342124BBDF0700709BC1 /* SceneDelegate.swift */; };
		CC7C342624BBDF0800709BC1 /* Assets.xcassets in Resources */ = {isa = PBXBuildFile; fileRef = CC7C342524BBDF0800709BC1 /* Assets.xcassets */; };
		CC7C342924BBDF0800709BC1 /* Preview Assets.xcassets in Resources */ = {isa = PBXBuildFile; fileRef = CC7C342824BBDF0800709BC1 /* Preview Assets.xcassets */; };
		CC7C342C24BBDF0800709BC1 /* LaunchScreen.storyboard in Resources */ = {isa = PBXBuildFile; fileRef = CC7C342A24BBDF0800709BC1 /* LaunchScreen.storyboard */; };
		CC8B5E7B24BBE0B400BCFE19 /* Constants.swift in Sources */ = {isa = PBXBuildFile; fileRef = CC8B5E5324BBE0B300BCFE19 /* Constants.swift */; };
		CC8B5E7C24BBE0B400BCFE19 /* CustomColor.swift in Sources */ = {isa = PBXBuildFile; fileRef = CC8B5E5424BBE0B300BCFE19 /* CustomColor.swift */; };
		CC8B5E7D24BBE0B400BCFE19 /* CustomGradient.swift in Sources */ = {isa = PBXBuildFile; fileRef = CC8B5E5524BBE0B300BCFE19 /* CustomGradient.swift */; };
		CC8B5E7E24BBE0B400BCFE19 /* QuestionScreenViewModel.swift in Sources */ = {isa = PBXBuildFile; fileRef = CC8B5E5724BBE0B300BCFE19 /* QuestionScreenViewModel.swift */; };
		CC8B5E7F24BBE0B400BCFE19 /* HomeScreenViewModel.swift in Sources */ = {isa = PBXBuildFile; fileRef = CC8B5E5824BBE0B300BCFE19 /* HomeScreenViewModel.swift */; };
		CC8B5E8024BBE0B400BCFE19 /* ResultScreenViewModel.swift in Sources */ = {isa = PBXBuildFile; fileRef = CC8B5E5924BBE0B300BCFE19 /* ResultScreenViewModel.swift */; };
		CC8B5E8124BBE0B400BCFE19 /* QuestionView.swift in Sources */ = {isa = PBXBuildFile; fileRef = CC8B5E5B24BBE0B400BCFE19 /* QuestionView.swift */; };
		CC8B5E8224BBE0B400BCFE19 /* PlayerStatusView.swift in Sources */ = {isa = PBXBuildFile; fileRef = CC8B5E5C24BBE0B400BCFE19 /* PlayerStatusView.swift */; };
		CC8B5E8324BBE0B400BCFE19 /* PlayersStatusView.swift in Sources */ = {isa = PBXBuildFile; fileRef = CC8B5E5D24BBE0B400BCFE19 /* PlayersStatusView.swift */; };
		CC8B5E8424BBE0B400BCFE19 /* TextfieldContainer.swift in Sources */ = {isa = PBXBuildFile; fileRef = CC8B5E5E24BBE0B400BCFE19 /* TextfieldContainer.swift */; };
		CC8B5E8524BBE0B400BCFE19 /* LineDividerView.swift in Sources */ = {isa = PBXBuildFile; fileRef = CC8B5E5F24BBE0B400BCFE19 /* LineDividerView.swift */; };
		CC8B5E8624BBE0B400BCFE19 /* AnswerCellView.swift in Sources */ = {isa = PBXBuildFile; fileRef = CC8B5E6024BBE0B400BCFE19 /* AnswerCellView.swift */; };
		CC8B5E8724BBE0B400BCFE19 /* CustomTextField.swift in Sources */ = {isa = PBXBuildFile; fileRef = CC8B5E6124BBE0B400BCFE19 /* CustomTextField.swift */; };
		CC8B5E8824BBE0B400BCFE19 /* CurrentQuestionView.swift in Sources */ = {isa = PBXBuildFile; fileRef = CC8B5E6224BBE0B400BCFE19 /* CurrentQuestionView.swift */; };
		CC8B5E8924BBE0B400BCFE19 /* HeaderView.swift in Sources */ = {isa = PBXBuildFile; fileRef = CC8B5E6324BBE0B400BCFE19 /* HeaderView.swift */; };
		CC8B5E8A24BBE0B400BCFE19 /* CustomButtonView.swift in Sources */ = {isa = PBXBuildFile; fileRef = CC8B5E6424BBE0B400BCFE19 /* CustomButtonView.swift */; };
		CC8B5E8B24BBE0B400BCFE19 /* PopUpView.swift in Sources */ = {isa = PBXBuildFile; fileRef = CC8B5E6524BBE0B400BCFE19 /* PopUpView.swift */; };
		CC8B5E8C24BBE0B400BCFE19 /* LoadingView.swift in Sources */ = {isa = PBXBuildFile; fileRef = CC8B5E6624BBE0B400BCFE19 /* LoadingView.swift */; };
		CC8B5E8D24BBE0B400BCFE19 /* QuestionScreenView.swift in Sources */ = {isa = PBXBuildFile; fileRef = CC8B5E6824BBE0B400BCFE19 /* QuestionScreenView.swift */; };
		CC8B5E8E24BBE0B400BCFE19 /* HomeScreenView.swift in Sources */ = {isa = PBXBuildFile; fileRef = CC8B5E6924BBE0B400BCFE19 /* HomeScreenView.swift */; };
		CC8B5E8F24BBE0B400BCFE19 /* ResultScreenView.swift in Sources */ = {isa = PBXBuildFile; fileRef = CC8B5E6A24BBE0B400BCFE19 /* ResultScreenView.swift */; };
		CC8B5E9024BBE0B400BCFE19 /* Collection + Extension.swift in Sources */ = {isa = PBXBuildFile; fileRef = CC8B5E6C24BBE0B400BCFE19 /* Collection + Extension.swift */; };
		CC8B5E9124BBE0B400BCFE19 /* View + Extension.swift in Sources */ = {isa = PBXBuildFile; fileRef = CC8B5E6D24BBE0B400BCFE19 /* View + Extension.swift */; };
		CC8B5E9224BBE0B400BCFE19 /* UIScreen + Extension.swift in Sources */ = {isa = PBXBuildFile; fileRef = CC8B5E6E24BBE0B400BCFE19 /* UIScreen + Extension.swift */; };
		CC8B5E9324BBE0B400BCFE19 /* String + Extension.swift in Sources */ = {isa = PBXBuildFile; fileRef = CC8B5E6F24BBE0B400BCFE19 /* String + Extension.swift */; };
		CC8B5E9424BBE0B400BCFE19 /* KeyboardResponder.swift in Sources */ = {isa = PBXBuildFile; fileRef = CC8B5E7124BBE0B400BCFE19 /* KeyboardResponder.swift */; };
		CC8B5E9524BBE0B400BCFE19 /* CustomError.swift in Sources */ = {isa = PBXBuildFile; fileRef = CC8B5E7224BBE0B400BCFE19 /* CustomError.swift */; };
		CC8B5E9624BBE0B400BCFE19 /* Game.swift in Sources */ = {isa = PBXBuildFile; fileRef = CC8B5E7424BBE0B400BCFE19 /* Game.swift */; };
		CC8B5E9724BBE0B400BCFE19 /* Question.swift in Sources */ = {isa = PBXBuildFile; fileRef = CC8B5E7524BBE0B400BCFE19 /* Question.swift */; };
		CC8B5E9824BBE0B400BCFE19 /* Trivia.swift in Sources */ = {isa = PBXBuildFile; fileRef = CC8B5E7624BBE0B400BCFE19 /* Trivia.swift */; };
		CC8B5E9924BBE0B400BCFE19 /* Player.swift in Sources */ = {isa = PBXBuildFile; fileRef = CC8B5E7724BBE0B400BCFE19 /* Player.swift */; };
		CC8B5E9A24BBE0B400BCFE19 /* NetworkManager.swift in Sources */ = {isa = PBXBuildFile; fileRef = CC8B5E7924BBE0B400BCFE19 /* NetworkManager.swift */; };
		CC8B5E9B24BBE0B400BCFE19 /* GameManager.swift in Sources */ = {isa = PBXBuildFile; fileRef = CC8B5E7A24BBE0B400BCFE19 /* GameManager.swift */; };
/* End PBXBuildFile section */

/* Begin PBXFileReference section */
		CC7C341C24BBDF0700709BC1 /* OpenTrivia.app */ = {isa = PBXFileReference; explicitFileType = wrapper.application; includeInIndex = 0; path = OpenTrivia.app; sourceTree = BUILT_PRODUCTS_DIR; };
		CC7C341F24BBDF0700709BC1 /* AppDelegate.swift */ = {isa = PBXFileReference; lastKnownFileType = sourcecode.swift; path = AppDelegate.swift; sourceTree = "<group>"; };
		CC7C342124BBDF0700709BC1 /* SceneDelegate.swift */ = {isa = PBXFileReference; lastKnownFileType = sourcecode.swift; path = SceneDelegate.swift; sourceTree = "<group>"; };
		CC7C342524BBDF0800709BC1 /* Assets.xcassets */ = {isa = PBXFileReference; lastKnownFileType = folder.assetcatalog; path = Assets.xcassets; sourceTree = "<group>"; };
		CC7C342824BBDF0800709BC1 /* Preview Assets.xcassets */ = {isa = PBXFileReference; lastKnownFileType = folder.assetcatalog; path = "Preview Assets.xcassets"; sourceTree = "<group>"; };
		CC7C342B24BBDF0800709BC1 /* Base */ = {isa = PBXFileReference; lastKnownFileType = file.storyboard; name = Base; path = Base.lproj/LaunchScreen.storyboard; sourceTree = "<group>"; };
		CC7C342D24BBDF0800709BC1 /* Info.plist */ = {isa = PBXFileReference; lastKnownFileType = text.plist.xml; path = Info.plist; sourceTree = "<group>"; };
		CC8B5E5324BBE0B300BCFE19 /* Constants.swift */ = {isa = PBXFileReference; fileEncoding = 4; lastKnownFileType = sourcecode.swift; path = Constants.swift; sourceTree = "<group>"; };
		CC8B5E5424BBE0B300BCFE19 /* CustomColor.swift */ = {isa = PBXFileReference; fileEncoding = 4; lastKnownFileType = sourcecode.swift; path = CustomColor.swift; sourceTree = "<group>"; };
		CC8B5E5524BBE0B300BCFE19 /* CustomGradient.swift */ = {isa = PBXFileReference; fileEncoding = 4; lastKnownFileType = sourcecode.swift; path = CustomGradient.swift; sourceTree = "<group>"; };
		CC8B5E5724BBE0B300BCFE19 /* QuestionScreenViewModel.swift */ = {isa = PBXFileReference; fileEncoding = 4; lastKnownFileType = sourcecode.swift; path = QuestionScreenViewModel.swift; sourceTree = "<group>"; };
		CC8B5E5824BBE0B300BCFE19 /* HomeScreenViewModel.swift */ = {isa = PBXFileReference; fileEncoding = 4; lastKnownFileType = sourcecode.swift; path = HomeScreenViewModel.swift; sourceTree = "<group>"; };
		CC8B5E5924BBE0B300BCFE19 /* ResultScreenViewModel.swift */ = {isa = PBXFileReference; fileEncoding = 4; lastKnownFileType = sourcecode.swift; path = ResultScreenViewModel.swift; sourceTree = "<group>"; };
		CC8B5E5B24BBE0B400BCFE19 /* QuestionView.swift */ = {isa = PBXFileReference; fileEncoding = 4; lastKnownFileType = sourcecode.swift; path = QuestionView.swift; sourceTree = "<group>"; };
		CC8B5E5C24BBE0B400BCFE19 /* PlayerStatusView.swift */ = {isa = PBXFileReference; fileEncoding = 4; lastKnownFileType = sourcecode.swift; path = PlayerStatusView.swift; sourceTree = "<group>"; };
		CC8B5E5D24BBE0B400BCFE19 /* PlayersStatusView.swift */ = {isa = PBXFileReference; fileEncoding = 4; lastKnownFileType = sourcecode.swift; path = PlayersStatusView.swift; sourceTree = "<group>"; };
		CC8B5E5E24BBE0B400BCFE19 /* TextfieldContainer.swift */ = {isa = PBXFileReference; fileEncoding = 4; lastKnownFileType = sourcecode.swift; path = TextfieldContainer.swift; sourceTree = "<group>"; };
		CC8B5E5F24BBE0B400BCFE19 /* LineDividerView.swift */ = {isa = PBXFileReference; fileEncoding = 4; lastKnownFileType = sourcecode.swift; path = LineDividerView.swift; sourceTree = "<group>"; };
		CC8B5E6024BBE0B400BCFE19 /* AnswerCellView.swift */ = {isa = PBXFileReference; fileEncoding = 4; lastKnownFileType = sourcecode.swift; path = AnswerCellView.swift; sourceTree = "<group>"; };
		CC8B5E6124BBE0B400BCFE19 /* CustomTextField.swift */ = {isa = PBXFileReference; fileEncoding = 4; lastKnownFileType = sourcecode.swift; path = CustomTextField.swift; sourceTree = "<group>"; };
		CC8B5E6224BBE0B400BCFE19 /* CurrentQuestionView.swift */ = {isa = PBXFileReference; fileEncoding = 4; lastKnownFileType = sourcecode.swift; path = CurrentQuestionView.swift; sourceTree = "<group>"; };
		CC8B5E6324BBE0B400BCFE19 /* HeaderView.swift */ = {isa = PBXFileReference; fileEncoding = 4; lastKnownFileType = sourcecode.swift; path = HeaderView.swift; sourceTree = "<group>"; };
		CC8B5E6424BBE0B400BCFE19 /* CustomButtonView.swift */ = {isa = PBXFileReference; fileEncoding = 4; lastKnownFileType = sourcecode.swift; path = CustomButtonView.swift; sourceTree = "<group>"; };
		CC8B5E6524BBE0B400BCFE19 /* PopUpView.swift */ = {isa = PBXFileReference; fileEncoding = 4; lastKnownFileType = sourcecode.swift; path = PopUpView.swift; sourceTree = "<group>"; };
		CC8B5E6624BBE0B400BCFE19 /* LoadingView.swift */ = {isa = PBXFileReference; fileEncoding = 4; lastKnownFileType = sourcecode.swift; path = LoadingView.swift; sourceTree = "<group>"; };
		CC8B5E6824BBE0B400BCFE19 /* QuestionScreenView.swift */ = {isa = PBXFileReference; fileEncoding = 4; lastKnownFileType = sourcecode.swift; path = QuestionScreenView.swift; sourceTree = "<group>"; };
		CC8B5E6924BBE0B400BCFE19 /* HomeScreenView.swift */ = {isa = PBXFileReference; fileEncoding = 4; lastKnownFileType = sourcecode.swift; path = HomeScreenView.swift; sourceTree = "<group>"; };
		CC8B5E6A24BBE0B400BCFE19 /* ResultScreenView.swift */ = {isa = PBXFileReference; fileEncoding = 4; lastKnownFileType = sourcecode.swift; path = ResultScreenView.swift; sourceTree = "<group>"; };
		CC8B5E6C24BBE0B400BCFE19 /* Collection + Extension.swift */ = {isa = PBXFileReference; fileEncoding = 4; lastKnownFileType = sourcecode.swift; path = "Collection + Extension.swift"; sourceTree = "<group>"; };
		CC8B5E6D24BBE0B400BCFE19 /* View + Extension.swift */ = {isa = PBXFileReference; fileEncoding = 4; lastKnownFileType = sourcecode.swift; path = "View + Extension.swift"; sourceTree = "<group>"; };
		CC8B5E6E24BBE0B400BCFE19 /* UIScreen + Extension.swift */ = {isa = PBXFileReference; fileEncoding = 4; lastKnownFileType = sourcecode.swift; path = "UIScreen + Extension.swift"; sourceTree = "<group>"; };
		CC8B5E6F24BBE0B400BCFE19 /* String + Extension.swift */ = {isa = PBXFileReference; fileEncoding = 4; lastKnownFileType = sourcecode.swift; path = "String + Extension.swift"; sourceTree = "<group>"; };
		CC8B5E7124BBE0B400BCFE19 /* KeyboardResponder.swift */ = {isa = PBXFileReference; fileEncoding = 4; lastKnownFileType = sourcecode.swift; path = KeyboardResponder.swift; sourceTree = "<group>"; };
		CC8B5E7224BBE0B400BCFE19 /* CustomError.swift */ = {isa = PBXFileReference; fileEncoding = 4; lastKnownFileType = sourcecode.swift; path = CustomError.swift; sourceTree = "<group>"; };
		CC8B5E7424BBE0B400BCFE19 /* Game.swift */ = {isa = PBXFileReference; fileEncoding = 4; lastKnownFileType = sourcecode.swift; path = Game.swift; sourceTree = "<group>"; };
		CC8B5E7524BBE0B400BCFE19 /* Question.swift */ = {isa = PBXFileReference; fileEncoding = 4; lastKnownFileType = sourcecode.swift; path = Question.swift; sourceTree = "<group>"; };
		CC8B5E7624BBE0B400BCFE19 /* Trivia.swift */ = {isa = PBXFileReference; fileEncoding = 4; lastKnownFileType = sourcecode.swift; path = Trivia.swift; sourceTree = "<group>"; };
		CC8B5E7724BBE0B400BCFE19 /* Player.swift */ = {isa = PBXFileReference; fileEncoding = 4; lastKnownFileType = sourcecode.swift; path = Player.swift; sourceTree = "<group>"; };
		CC8B5E7924BBE0B400BCFE19 /* NetworkManager.swift */ = {isa = PBXFileReference; fileEncoding = 4; lastKnownFileType = sourcecode.swift; path = NetworkManager.swift; sourceTree = "<group>"; };
		CC8B5E7A24BBE0B400BCFE19 /* GameManager.swift */ = {isa = PBXFileReference; fileEncoding = 4; lastKnownFileType = sourcecode.swift; path = GameManager.swift; sourceTree = "<group>"; };
/* End PBXFileReference section */

/* Begin PBXFrameworksBuildPhase section */
		CC7C341924BBDF0700709BC1 /* Frameworks */ = {
			isa = PBXFrameworksBuildPhase;
			buildActionMask = 2147483647;
			files = (
			);
			runOnlyForDeploymentPostprocessing = 0;
		};
/* End PBXFrameworksBuildPhase section */

/* Begin PBXGroup section */
		CC7C341324BBDF0700709BC1 = {
			isa = PBXGroup;
			children = (
				CC7C341E24BBDF0700709BC1 /* OpenTrivia */,
				CC7C341D24BBDF0700709BC1 /* Products */,
			);
			sourceTree = "<group>";
		};
		CC7C341D24BBDF0700709BC1 /* Products */ = {
			isa = PBXGroup;
			children = (
				CC7C341C24BBDF0700709BC1 /* OpenTrivia.app */,
			);
			name = Products;
			sourceTree = "<group>";
		};
		CC7C341E24BBDF0700709BC1 /* OpenTrivia */ = {
			isa = PBXGroup;
			children = (
				CC8B5E9C24BBE0E500BCFE19 /* App */,
				CC8B5E5224BBE0B300BCFE19 /* Enums */,
				CC8B5E6B24BBE0B400BCFE19 /* Extensions */,
				CC8B5E7824BBE0B400BCFE19 /* Managers */,
				CC8B5E7324BBE0B400BCFE19 /* Models */,
				CC8B5E5A24BBE0B400BCFE19 /* SubViews */,
				CC8B5E7024BBE0B400BCFE19 /* Utils */,
				CC8B5E5624BBE0B300BCFE19 /* ViewModels */,
				CC8B5E6724BBE0B400BCFE19 /* Views */,
				CC7C342724BBDF0800709BC1 /* Preview Content */,
			);
			path = OpenTrivia;
			sourceTree = "<group>";
		};
		CC7C342724BBDF0800709BC1 /* Preview Content */ = {
			isa = PBXGroup;
			children = (
				CC7C342824BBDF0800709BC1 /* Preview Assets.xcassets */,
			);
			path = "Preview Content";
			sourceTree = "<group>";
		};
		CC8B5E5224BBE0B300BCFE19 /* Enums */ = {
			isa = PBXGroup;
			children = (
				CC8B5E5324BBE0B300BCFE19 /* Constants.swift */,
				CC8B5E5424BBE0B300BCFE19 /* CustomColor.swift */,
				CC8B5E5524BBE0B300BCFE19 /* CustomGradient.swift */,
			);
			path = Enums;
			sourceTree = "<group>";
		};
		CC8B5E5624BBE0B300BCFE19 /* ViewModels */ = {
			isa = PBXGroup;
			children = (
				CC8B5E5724BBE0B300BCFE19 /* QuestionScreenViewModel.swift */,
				CC8B5E5824BBE0B300BCFE19 /* HomeScreenViewModel.swift */,
				CC8B5E5924BBE0B300BCFE19 /* ResultScreenViewModel.swift */,
			);
			path = ViewModels;
			sourceTree = "<group>";
		};
		CC8B5E5A24BBE0B400BCFE19 /* SubViews */ = {
			isa = PBXGroup;
			children = (
				CC8B5E5B24BBE0B400BCFE19 /* QuestionView.swift */,
				CC8B5E5C24BBE0B400BCFE19 /* PlayerStatusView.swift */,
				CC8B5E5D24BBE0B400BCFE19 /* PlayersStatusView.swift */,
				CC8B5E5E24BBE0B400BCFE19 /* TextfieldContainer.swift */,
				CC8B5E5F24BBE0B400BCFE19 /* LineDividerView.swift */,
				CC8B5E6024BBE0B400BCFE19 /* AnswerCellView.swift */,
				CC8B5E6124BBE0B400BCFE19 /* CustomTextField.swift */,
				CC8B5E6224BBE0B400BCFE19 /* CurrentQuestionView.swift */,
				CC8B5E6324BBE0B400BCFE19 /* HeaderView.swift */,
				CC8B5E6424BBE0B400BCFE19 /* CustomButtonView.swift */,
				CC8B5E6524BBE0B400BCFE19 /* PopUpView.swift */,
				CC8B5E6624BBE0B400BCFE19 /* LoadingView.swift */,
			);
			path = SubViews;
			sourceTree = "<group>";
		};
		CC8B5E6724BBE0B400BCFE19 /* Views */ = {
			isa = PBXGroup;
			children = (
				CC8B5E6824BBE0B400BCFE19 /* QuestionScreenView.swift */,
				CC8B5E6924BBE0B400BCFE19 /* HomeScreenView.swift */,
				CC8B5E6A24BBE0B400BCFE19 /* ResultScreenView.swift */,
			);
			path = Views;
			sourceTree = "<group>";
		};
		CC8B5E6B24BBE0B400BCFE19 /* Extensions */ = {
			isa = PBXGroup;
			children = (
				CC8B5E6C24BBE0B400BCFE19 /* Collection + Extension.swift */,
				CC8B5E6D24BBE0B400BCFE19 /* View + Extension.swift */,
				CC8B5E6E24BBE0B400BCFE19 /* UIScreen + Extension.swift */,
				CC8B5E6F24BBE0B400BCFE19 /* String + Extension.swift */,
			);
			path = Extensions;
			sourceTree = "<group>";
		};
		CC8B5E7024BBE0B400BCFE19 /* Utils */ = {
			isa = PBXGroup;
			children = (
				CC8B5E7124BBE0B400BCFE19 /* KeyboardResponder.swift */,
				CC8B5E7224BBE0B400BCFE19 /* CustomError.swift */,
			);
			path = Utils;
			sourceTree = "<group>";
		};
		CC8B5E7324BBE0B400BCFE19 /* Models */ = {
			isa = PBXGroup;
			children = (
				CC8B5E7424BBE0B400BCFE19 /* Game.swift */,
				CC8B5E7524BBE0B400BCFE19 /* Question.swift */,
				CC8B5E7624BBE0B400BCFE19 /* Trivia.swift */,
				CC8B5E7724BBE0B400BCFE19 /* Player.swift */,
			);
			path = Models;
			sourceTree = "<group>";
		};
		CC8B5E7824BBE0B400BCFE19 /* Managers */ = {
			isa = PBXGroup;
			children = (
				CC8B5E7924BBE0B400BCFE19 /* NetworkManager.swift */,
				CC8B5E7A24BBE0B400BCFE19 /* GameManager.swift */,
			);
			path = Managers;
			sourceTree = "<group>";
		};
		CC8B5E9C24BBE0E500BCFE19 /* App */ = {
			isa = PBXGroup;
			children = (
				CC7C341F24BBDF0700709BC1 /* AppDelegate.swift */,
				CC7C342124BBDF0700709BC1 /* SceneDelegate.swift */,
				CC7C342524BBDF0800709BC1 /* Assets.xcassets */,
				CC7C342A24BBDF0800709BC1 /* LaunchScreen.storyboard */,
				CC7C342D24BBDF0800709BC1 /* Info.plist */,
			);
			name = App;
			sourceTree = "<group>";
		};
/* End PBXGroup section */

/* Begin PBXNativeTarget section */
		CC7C341B24BBDF0700709BC1 /* OpenTrivia */ = {
			isa = PBXNativeTarget;
			buildConfigurationList = CC7C343024BBDF0800709BC1 /* Build configuration list for PBXNativeTarget "OpenTrivia" */;
			buildPhases = (
				CC7C341824BBDF0700709BC1 /* Sources */,
				CC7C341924BBDF0700709BC1 /* Frameworks */,
				CC7C341A24BBDF0700709BC1 /* Resources */,
			);
			buildRules = (
			);
			dependencies = (
			);
			name = OpenTrivia;
			productName = OpenTrivia;
			productReference = CC7C341C24BBDF0700709BC1 /* OpenTrivia.app */;
			productType = "com.apple.product-type.application";
		};
/* End PBXNativeTarget section */

/* Begin PBXProject section */
		CC7C341424BBDF0700709BC1 /* Project object */ = {
			isa = PBXProject;
			attributes = {
				LastSwiftUpdateCheck = 1110;
				LastUpgradeCheck = 1110;
				ORGANIZATIONNAME = alvarogjacome;
				TargetAttributes = {
					CC7C341B24BBDF0700709BC1 = {
						CreatedOnToolsVersion = 11.1;
					};
				};
			};
			buildConfigurationList = CC7C341724BBDF0700709BC1 /* Build configuration list for PBXProject "OpenTrivia" */;
			compatibilityVersion = "Xcode 9.3";
			developmentRegion = en;
			hasScannedForEncodings = 0;
			knownRegions = (
				en,
				Base,
			);
			mainGroup = CC7C341324BBDF0700709BC1;
			productRefGroup = CC7C341D24BBDF0700709BC1 /* Products */;
			projectDirPath = "";
			projectRoot = "";
			targets = (
				CC7C341B24BBDF0700709BC1 /* OpenTrivia */,
			);
		};
/* End PBXProject section */

/* Begin PBXResourcesBuildPhase section */
		CC7C341A24BBDF0700709BC1 /* Resources */ = {
			isa = PBXResourcesBuildPhase;
			buildActionMask = 2147483647;
			files = (
				CC7C342C24BBDF0800709BC1 /* LaunchScreen.storyboard in Resources */,
				CC7C342924BBDF0800709BC1 /* Preview Assets.xcassets in Resources */,
				CC7C342624BBDF0800709BC1 /* Assets.xcassets in Resources */,
			);
			runOnlyForDeploymentPostprocessing = 0;
		};
/* End PBXResourcesBuildPhase section */

/* Begin PBXSourcesBuildPhase section */
		CC7C341824BBDF0700709BC1 /* Sources */ = {
			isa = PBXSourcesBuildPhase;
			buildActionMask = 2147483647;
			files = (
				CC8B5E9124BBE0B400BCFE19 /* View + Extension.swift in Sources */,
				CC8B5E9B24BBE0B400BCFE19 /* GameManager.swift in Sources */,
				CC8B5E9724BBE0B400BCFE19 /* Question.swift in Sources */,
				CC8B5E8A24BBE0B400BCFE19 /* CustomButtonView.swift in Sources */,
				CC8B5E9324BBE0B400BCFE19 /* String + Extension.swift in Sources */,
				CC8B5E8124BBE0B400BCFE19 /* QuestionView.swift in Sources */,
				CC8B5E8924BBE0B400BCFE19 /* HeaderView.swift in Sources */,
				CC8B5E9524BBE0B400BCFE19 /* CustomError.swift in Sources */,
				CC8B5E8024BBE0B400BCFE19 /* ResultScreenViewModel.swift in Sources */,
				CC7C342024BBDF0700709BC1 /* AppDelegate.swift in Sources */,
				CC8B5E9024BBE0B400BCFE19 /* Collection + Extension.swift in Sources */,
				CC8B5E8C24BBE0B400BCFE19 /* LoadingView.swift in Sources */,
				CC8B5E8D24BBE0B400BCFE19 /* QuestionScreenView.swift in Sources */,
				CC8B5E8B24BBE0B400BCFE19 /* PopUpView.swift in Sources */,
				CC8B5E8224BBE0B400BCFE19 /* PlayerStatusView.swift in Sources */,
				CC8B5E8724BBE0B400BCFE19 /* CustomTextField.swift in Sources */,
				CC8B5E7F24BBE0B400BCFE19 /* HomeScreenViewModel.swift in Sources */,
				CC8B5E8F24BBE0B400BCFE19 /* ResultScreenView.swift in Sources */,
				CC8B5E9A24BBE0B400BCFE19 /* NetworkManager.swift in Sources */,
				CC8B5E8324BBE0B400BCFE19 /* PlayersStatusView.swift in Sources */,
				CC7C342224BBDF0700709BC1 /* SceneDelegate.swift in Sources */,
				CC8B5E9424BBE0B400BCFE19 /* KeyboardResponder.swift in Sources */,
				CC8B5E8624BBE0B400BCFE19 /* AnswerCellView.swift in Sources */,
				CC8B5E8424BBE0B400BCFE19 /* TextfieldContainer.swift in Sources */,
				CC8B5E8E24BBE0B400BCFE19 /* HomeScreenView.swift in Sources */,
				CC8B5E9624BBE0B400BCFE19 /* Game.swift in Sources */,
				CC8B5E9224BBE0B400BCFE19 /* UIScreen + Extension.swift in Sources */,
				CC8B5E9824BBE0B400BCFE19 /* Trivia.swift in Sources */,
				CC8B5E8524BBE0B400BCFE19 /* LineDividerView.swift in Sources */,
				CC8B5E7C24BBE0B400BCFE19 /* CustomColor.swift in Sources */,
				CC8B5E7D24BBE0B400BCFE19 /* CustomGradient.swift in Sources */,
				CC8B5E8824BBE0B400BCFE19 /* CurrentQuestionView.swift in Sources */,
				CC8B5E7B24BBE0B400BCFE19 /* Constants.swift in Sources */,
				CC8B5E9924BBE0B400BCFE19 /* Player.swift in Sources */,
				CC8B5E7E24BBE0B400BCFE19 /* QuestionScreenViewModel.swift in Sources */,
			);
			runOnlyForDeploymentPostprocessing = 0;
		};
/* End PBXSourcesBuildPhase section */

/* Begin PBXVariantGroup section */
		CC7C342A24BBDF0800709BC1 /* LaunchScreen.storyboard */ = {
			isa = PBXVariantGroup;
			children = (
				CC7C342B24BBDF0800709BC1 /* Base */,
			);
			name = LaunchScreen.storyboard;
			sourceTree = "<group>";
		};
/* End PBXVariantGroup section */

/* Begin XCBuildConfiguration section */
		CC7C342E24BBDF0800709BC1 /* Debug */ = {
			isa = XCBuildConfiguration;
			buildSettings = {
				ALWAYS_SEARCH_USER_PATHS = NO;
				CLANG_ANALYZER_NONNULL = YES;
				CLANG_ANALYZER_NUMBER_OBJECT_CONVERSION = YES_AGGRESSIVE;
				CLANG_CXX_LANGUAGE_STANDARD = "gnu++14";
				CLANG_CXX_LIBRARY = "libc++";
				CLANG_ENABLE_MODULES = YES;
				CLANG_ENABLE_OBJC_ARC = YES;
				CLANG_ENABLE_OBJC_WEAK = YES;
				CLANG_WARN_BLOCK_CAPTURE_AUTORELEASING = YES;
				CLANG_WARN_BOOL_CONVERSION = YES;
				CLANG_WARN_COMMA = YES;
				CLANG_WARN_CONSTANT_CONVERSION = YES;
				CLANG_WARN_DEPRECATED_OBJC_IMPLEMENTATIONS = YES;
				CLANG_WARN_DIRECT_OBJC_ISA_USAGE = YES_ERROR;
				CLANG_WARN_DOCUMENTATION_COMMENTS = YES;
				CLANG_WARN_EMPTY_BODY = YES;
				CLANG_WARN_ENUM_CONVERSION = YES;
				CLANG_WARN_INFINITE_RECURSION = YES;
				CLANG_WARN_INT_CONVERSION = YES;
				CLANG_WARN_NON_LITERAL_NULL_CONVERSION = YES;
				CLANG_WARN_OBJC_IMPLICIT_RETAIN_SELF = YES;
				CLANG_WARN_OBJC_LITERAL_CONVERSION = YES;
				CLANG_WARN_OBJC_ROOT_CLASS = YES_ERROR;
				CLANG_WARN_RANGE_LOOP_ANALYSIS = YES;
				CLANG_WARN_STRICT_PROTOTYPES = YES;
				CLANG_WARN_SUSPICIOUS_MOVE = YES;
				CLANG_WARN_UNGUARDED_AVAILABILITY = YES_AGGRESSIVE;
				CLANG_WARN_UNREACHABLE_CODE = YES;
				CLANG_WARN__DUPLICATE_METHOD_MATCH = YES;
				COPY_PHASE_STRIP = NO;
				DEBUG_INFORMATION_FORMAT = dwarf;
				ENABLE_STRICT_OBJC_MSGSEND = YES;
				ENABLE_TESTABILITY = YES;
				GCC_C_LANGUAGE_STANDARD = gnu11;
				GCC_DYNAMIC_NO_PIC = NO;
				GCC_NO_COMMON_BLOCKS = YES;
				GCC_OPTIMIZATION_LEVEL = 0;
				GCC_PREPROCESSOR_DEFINITIONS = (
					"DEBUG=1",
					"$(inherited)",
				);
				GCC_WARN_64_TO_32_BIT_CONVERSION = YES;
				GCC_WARN_ABOUT_RETURN_TYPE = YES_ERROR;
				GCC_WARN_UNDECLARED_SELECTOR = YES;
				GCC_WARN_UNINITIALIZED_AUTOS = YES_AGGRESSIVE;
				GCC_WARN_UNUSED_FUNCTION = YES;
				GCC_WARN_UNUSED_VARIABLE = YES;
				IPHONEOS_DEPLOYMENT_TARGET = 13.1;
				MTL_ENABLE_DEBUG_INFO = INCLUDE_SOURCE;
				MTL_FAST_MATH = YES;
				ONLY_ACTIVE_ARCH = YES;
				SDKROOT = iphoneos;
				SWIFT_ACTIVE_COMPILATION_CONDITIONS = DEBUG;
				SWIFT_OPTIMIZATION_LEVEL = "-Onone";
			};
			name = Debug;
		};
		CC7C342F24BBDF0800709BC1 /* Release */ = {
			isa = XCBuildConfiguration;
			buildSettings = {
				ALWAYS_SEARCH_USER_PATHS = NO;
				CLANG_ANALYZER_NONNULL = YES;
				CLANG_ANALYZER_NUMBER_OBJECT_CONVERSION = YES_AGGRESSIVE;
				CLANG_CXX_LANGUAGE_STANDARD = "gnu++14";
				CLANG_CXX_LIBRARY = "libc++";
				CLANG_ENABLE_MODULES = YES;
				CLANG_ENABLE_OBJC_ARC = YES;
				CLANG_ENABLE_OBJC_WEAK = YES;
				CLANG_WARN_BLOCK_CAPTURE_AUTORELEASING = YES;
				CLANG_WARN_BOOL_CONVERSION = YES;
				CLANG_WARN_COMMA = YES;
				CLANG_WARN_CONSTANT_CONVERSION = YES;
				CLANG_WARN_DEPRECATED_OBJC_IMPLEMENTATIONS = YES;
				CLANG_WARN_DIRECT_OBJC_ISA_USAGE = YES_ERROR;
				CLANG_WARN_DOCUMENTATION_COMMENTS = YES;
				CLANG_WARN_EMPTY_BODY = YES;
				CLANG_WARN_ENUM_CONVERSION = YES;
				CLANG_WARN_INFINITE_RECURSION = YES;
				CLANG_WARN_INT_CONVERSION = YES;
				CLANG_WARN_NON_LITERAL_NULL_CONVERSION = YES;
				CLANG_WARN_OBJC_IMPLICIT_RETAIN_SELF = YES;
				CLANG_WARN_OBJC_LITERAL_CONVERSION = YES;
				CLANG_WARN_OBJC_ROOT_CLASS = YES_ERROR;
				CLANG_WARN_RANGE_LOOP_ANALYSIS = YES;
				CLANG_WARN_STRICT_PROTOTYPES = YES;
				CLANG_WARN_SUSPICIOUS_MOVE = YES;
				CLANG_WARN_UNGUARDED_AVAILABILITY = YES_AGGRESSIVE;
				CLANG_WARN_UNREACHABLE_CODE = YES;
				CLANG_WARN__DUPLICATE_METHOD_MATCH = YES;
				COPY_PHASE_STRIP = NO;
				DEBUG_INFORMATION_FORMAT = "dwarf-with-dsym";
				ENABLE_NS_ASSERTIONS = NO;
				ENABLE_STRICT_OBJC_MSGSEND = YES;
				GCC_C_LANGUAGE_STANDARD = gnu11;
				GCC_NO_COMMON_BLOCKS = YES;
				GCC_WARN_64_TO_32_BIT_CONVERSION = YES;
				GCC_WARN_ABOUT_RETURN_TYPE = YES_ERROR;
				GCC_WARN_UNDECLARED_SELECTOR = YES;
				GCC_WARN_UNINITIALIZED_AUTOS = YES_AGGRESSIVE;
				GCC_WARN_UNUSED_FUNCTION = YES;
				GCC_WARN_UNUSED_VARIABLE = YES;
				IPHONEOS_DEPLOYMENT_TARGET = 13.1;
				MTL_ENABLE_DEBUG_INFO = NO;
				MTL_FAST_MATH = YES;
				SDKROOT = iphoneos;
				SWIFT_COMPILATION_MODE = wholemodule;
				SWIFT_OPTIMIZATION_LEVEL = "-O";
				VALIDATE_PRODUCT = YES;
			};
			name = Release;
		};
		CC7C343124BBDF0800709BC1 /* Debug */ = {
			isa = XCBuildConfiguration;
			buildSettings = {
				ASSETCATALOG_COMPILER_APPICON_NAME = AppIcon;
				CODE_SIGN_STYLE = Automatic;
				DEVELOPMENT_ASSET_PATHS = "\"OpenTrivia/Preview Content\"";
				DEVELOPMENT_TEAM = M9R5VTJGJ5;
				ENABLE_PREVIEWS = YES;
				INFOPLIST_FILE = OpenTrivia/Info.plist;
				LD_RUNPATH_SEARCH_PATHS = (
					"$(inherited)",
					"@executable_path/Frameworks",
				);
				PRODUCT_BUNDLE_IDENTIFIER = alvarogjacome.OpenTrivia;
				PRODUCT_NAME = "$(TARGET_NAME)";
				SWIFT_VERSION = 5.0;
				TARGETED_DEVICE_FAMILY = "1,2";
			};
			name = Debug;
		};
		CC7C343224BBDF0800709BC1 /* Release */ = {
			isa = XCBuildConfiguration;
			buildSettings = {
				ASSETCATALOG_COMPILER_APPICON_NAME = AppIcon;
				CODE_SIGN_STYLE = Automatic;
				DEVELOPMENT_ASSET_PATHS = "\"OpenTrivia/Preview Content\"";
				DEVELOPMENT_TEAM = M9R5VTJGJ5;
				ENABLE_PREVIEWS = YES;
				INFOPLIST_FILE = OpenTrivia/Info.plist;
				LD_RUNPATH_SEARCH_PATHS = (
					"$(inherited)",
					"@executable_path/Frameworks",
				);
				PRODUCT_BUNDLE_IDENTIFIER = alvarogjacome.OpenTrivia;
				PRODUCT_NAME = "$(TARGET_NAME)";
				SWIFT_VERSION = 5.0;
				TARGETED_DEVICE_FAMILY = "1,2";
			};
			name = Release;
		};
/* End XCBuildConfiguration section */

/* Begin XCConfigurationList section */
		CC7C341724BBDF0700709BC1 /* Build configuration list for PBXProject "OpenTrivia" */ = {
			isa = XCConfigurationList;
			buildConfigurations = (
				CC7C342E24BBDF0800709BC1 /* Debug */,
				CC7C342F24BBDF0800709BC1 /* Release */,
			);
			defaultConfigurationIsVisible = 0;
			defaultConfigurationName = Release;
		};
		CC7C343024BBDF0800709BC1 /* Build configuration list for PBXNativeTarget "OpenTrivia" */ = {
			isa = XCConfigurationList;
			buildConfigurations = (
				CC7C343124BBDF0800709BC1 /* Debug */,
				CC7C343224BBDF0800709BC1 /* Release */,
			);
			defaultConfigurationIsVisible = 0;
			defaultConfigurationName = Release;
		};
/* End XCConfigurationList section */
	};
	rootObject = CC7C341424BBDF0700709BC1 /* Project object */;
}
